<?xml version="1.0" encoding="utf-8"?>
<Project ToolsVersion="4.0" xmlns="http://schemas.microsoft.com/developer/msbuild/2003">
  <ItemGroup>
    <FxCompile Include="Resource\Shaders\Particle.PS.hlsl" />
    <FxCompile Include="Resource\Shaders\Particle.VS.hlsl" />
    <FxCompile Include="Resource\Shaders\Obj.PS.hlsl" />
    <FxCompile Include="Resource\Shaders\Obj.VS.hlsl" />
    <FxCompile Include="Resource\Shaders\Obj2D.PS.hlsl" />
    <FxCompile Include="Resource\Shaders\Obj2D.VS.hlsl" />
    <FxCompile Include="Resource\Shaders\Obj3D.PS.hlsl" />
    <FxCompile Include="Resource\Shaders\Obj3D.VS.hlsl" />
  </ItemGroup>
  <ItemGroup>
    <ClCompile Include="application\Audio\Audio.cpp" />
    <ClCompile Include="application\Game\Scene\DebugScene.cpp" />
    <ClCompile Include="Engine\Managers\CSVManager.cpp" />
    <ClCompile Include="Engine\3d\Camera3D.cpp" />
    <ClCompile Include="Engine\Scene\AbstractSceneFactory.cpp" />
    <ClCompile Include="application\Game\Scene\ClearScene.cpp" />
    <ClCompile Include="Engine\Scene\Framework.cpp" />
    <ClCompile Include="Engine\Managers\AudioManager.cpp" />
    <ClCompile Include="application\Game\Scene\GameOverScene.cpp" />
    <ClCompile Include="application\Manager\CameraManager.cpp" />
    <ClCompile Include="application\3d\Camera.cpp" />
    <ClCompile Include="Engine\Core\DXCommon.cpp" />
    <ClCompile Include="Engine\Input\Input.cpp" />
    <ClCompile Include="Engine\Core\Logger.cpp" />
    <ClCompile Include="Engine\3d\Material3D.cpp" />
    <ClCompile Include="Engine\Managers\ImGuiManager.cpp" />
    <ClCompile Include="application\Game\Scene\IScene.cpp" />
    <ClCompile Include="Engine\Service\Loader.cpp" />
    <ClCompile Include="Math\Matrix3x3.cpp" />
    <ClCompile Include="Math\Matrix4x4.cpp" />
    <ClCompile Include="Math\MatrixMath.cpp" />
    <ClCompile Include="Math\sMath.cpp" />
    <ClCompile Include="Math\Vector2.cpp" />
    <ClCompile Include="Math\Vector3.cpp" />
    <ClCompile Include="Math\Vector4.cpp" />
    <ClCompile Include="Engine\Graphics\Pipeline\BlendState.cpp" />
    <ClCompile Include="Engine\Graphics\Pipeline\Compiler.cpp" />
    <ClCompile Include="Engine\Graphics\Pipeline\InputLayout.cpp" />
    <ClCompile Include="Engine\Graphics\Pipeline\PipelineStateObjectCommon.cpp" />
    <ClCompile Include="Engine\Graphics\Pipeline\RasterizerState.cpp" />
    <ClCompile Include="Engine\Graphics\Pipeline\RootSignature.cpp" />
    <ClCompile Include="Engine\Core\Mii.cpp" />
    <ClCompile Include="Engine\3d\Transform3D.cpp" />
    <ClCompile Include="Engine\Core\WinApp.cpp" />
    <ClCompile Include="Engine\Graphics\Pipeline\DepthStencil.cpp" />
    <ClCompile Include="externals\imgui\imgui.cpp" />
    <ClCompile Include="externals\imgui\imgui_demo.cpp" />
    <ClCompile Include="externals\imgui\imgui_draw.cpp" />
    <ClCompile Include="externals\imgui\imgui_impl_dx12.cpp" />
    <ClCompile Include="externals\imgui\imgui_impl_win32.cpp" />
    <ClCompile Include="externals\imgui\imgui_tables.cpp" />
    <ClCompile Include="externals\imgui\imgui_widgets.cpp" />
    <ClCompile Include="application\Game\Scene\GameScene.cpp" />
    <ClCompile Include="Engine\2d\IndexBuffer2D.cpp" />
    <ClCompile Include="Engine\3d\IndexBuffer3D.cpp" />
    <ClCompile Include="Engine\3d\Light.cpp" />
    <ClCompile Include="main.cpp" />
    <ClCompile Include="application\2d\Sprite.cpp" />
    <ClCompile Include="Engine\Managers\TextureManager.cpp" />
    <ClCompile Include="Engine\Core\StringUtility.cpp" />
    <ClCompile Include="Engine\2d\Transform2D.cpp" />
    <ClCompile Include="Engine\2d\Material2D.cpp" />
    <ClCompile Include="Engine\2d\VertexBuffer2D.cpp" />
    <ClCompile Include="Engine\3d\VertexBuffer3D.cpp" />
    <ClCompile Include="Engine\Managers\SRVManager.cpp" />
    <ClCompile Include="application\3d\Model.cpp" />
    <ClCompile Include="Engine\Managers\ModelManager.cpp" />
    <ClCompile Include="Engine\Managers\PiplineManager.cpp" />
    <ClCompile Include="Engine\3d\ModelCommon.cpp" />
    <ClCompile Include="Engine\2d\SpriteCommon.cpp" />
    <ClCompile Include="application\Game\Scene\MyGame.cpp" />
    <ClCompile Include="application\Manager\SceneManager.cpp" />
    <ClCompile Include="application\Game\Scene\SelectScene.cpp" />
    <ClCompile Include="application\Game\Scene\TitleScene.cpp" />
    <ClCompile Include="Engine\Scene\SceneFactory.cpp" />
    <ClCompile Include="Engine\Particle\ParticleEmitter.cpp" />
    <ClCompile Include="Engine\Particle\ParticleGroup.cpp" />
    <ClCompile Include="application\Manager\ParticleManager.cpp" />
    <ClCompile Include="Engine\Particle\ParticleSetUp.cpp" />
    <ClCompile Include="application\Particle\WindEmitter.cpp" />
    <ClCompile Include="application\Particle\ExplosionEmitter.cpp" />
    <ClCompile Include="application\Particle\ConfettiEmitter.cpp" />
    <ClCompile Include="application\Game\Stage\Block.cpp" />
    <ClCompile Include="application\Game\Stage\Goal.cpp" />
    <ClCompile Include="application\Game\Entity\Player.cpp" />
  </ItemGroup>
  <ItemGroup>
    <ClInclude Include="application\Audio\Audio.h" />
    <ClInclude Include="application\Game\Scene\DebugScene.h" />
    <ClInclude Include="Engine\Managers\CSVManager.h" />
    <ClInclude Include="Engine\3d\Camera3D.h" />
    <ClInclude Include="Engine\Particle\ParticleData.h" />
    <ClInclude Include="Engine\Scene\AbstractSceneFactory.h" />
    <ClInclude Include="application\Game\Scene\ClearScene.h" />
    <ClInclude Include="Engine\Scene\Framework.h" />
    <ClInclude Include="Engine\Managers\AudioManager.h" />
    <ClInclude Include="application\Game\Scene\GameOverScene.h" />
    <ClInclude Include="application\Manager\CameraManager.h" />
    <ClInclude Include="application\3d\Camera.h" />
    <ClInclude Include="Engine\Core\CData.h" />
    <ClInclude Include="Engine\Core\DXCommon.h" />
    <ClInclude Include="Engine\Input\Input.h" />
    <ClInclude Include="Engine\Core\Logger.h" />
    <ClInclude Include="Engine\3d\Material3D.h" />
    <ClInclude Include="Engine\Managers\ImGuiManager.h" />
    <ClInclude Include="application\Game\Scene\IScene.h" />
    <ClInclude Include="Engine\Service\Loader.h" />
    <ClInclude Include="Math\MathData.h" />
    <ClInclude Include="Math\Matrix3x3.h" />
    <ClInclude Include="Math\Matrix4x4.h" />
    <ClInclude Include="Math\MatrixMath.h" />
    <ClInclude Include="Math\sMath.h" />
    <ClInclude Include="Math\Vector2.h" />
    <ClInclude Include="Math\Vector3.h" />
    <ClInclude Include="Math\Vector4.h" />
    <ClInclude Include="Engine\Graphics\Pipeline\BlendState.h" />
    <ClInclude Include="Engine\Graphics\Pipeline\Compiler.h" />
    <ClInclude Include="Engine\Graphics\Pipeline\InputLayout.h" />
    <ClInclude Include="Engine\Graphics\Pipeline\PipelineStateObjectCommon.h" />
    <ClInclude Include="Engine\Graphics\Pipeline\PipelineStateObjectType.h" />
    <ClInclude Include="Engine\Graphics\Pipeline\RasterizerState.h" />
    <ClInclude Include="Engine\Graphics\Pipeline\RootSignature.h" />
    <ClInclude Include="Engine\Core\Mii.h" />
    <ClInclude Include="Engine\3d\Transform3D.h" />
    <ClInclude Include="Engine\Core\WinApp.h" />
    <ClInclude Include="Engine\Core\ComPtr.h" />
    <ClInclude Include="Engine\Graphics\Pipeline\DepthStencil.h" />
    <ClInclude Include="externals\imgui\imconfig.h" />
    <ClInclude Include="externals\imgui\imgui.h" />
    <ClInclude Include="externals\imgui\imgui_impl_dx12.h" />
    <ClInclude Include="externals\imgui\imgui_impl_win32.h" />
    <ClInclude Include="externals\imgui\imgui_internal.h" />
    <ClInclude Include="externals\imgui\imstb_rectpack.h" />
    <ClInclude Include="externals\imgui\imstb_textedit.h" />
    <ClInclude Include="externals\imgui\imstb_truetype.h" />
    <ClInclude Include="application\Game\Scene\GameScene.h" />
    <ClInclude Include="application\2d\Sprite.h" />
    <ClInclude Include="Engine\Managers\TextureManager.h" />
    <ClInclude Include="Engine\Core\StringUtility.h" />
    <ClInclude Include="Engine\2d\Transform2D.h" />
    <ClInclude Include="Engine\2d\Material2D.h" />
    <ClInclude Include="Engine\2d\IndexBuffer2D.h" />
    <ClInclude Include="Engine\3d\IndexBuffer3D.h" />
    <ClInclude Include="Engine\2d\VertexBuffer2D.h" />
    <ClInclude Include="Engine\3d\VertexBuffer3D.h" />
    <ClInclude Include="Engine\Managers\SRVManager.h" />
    <ClInclude Include="application\3d\Model.h" />
    <ClInclude Include="Engine\Managers\ModelManager.h" />
    <ClInclude Include="Engine\3d\Light.h" />
    <ClInclude Include="Engine\Managers\PiplineManager.h" />
    <ClInclude Include="Engine\3d\ModelCommon.h" />
    <ClInclude Include="Engine\2d\SpriteCommon.h" />
    <ClInclude Include="application\Game\Scene\MyGame.h" />
    <ClInclude Include="application\Manager\SceneManager.h" />
    <ClInclude Include="application\Game\Scene\SelectScene.h" />
    <ClInclude Include="application\Game\Scene\TitleScene.h" />
    <ClInclude Include="Engine\Scene\SceneFactory.h" />
    <ClInclude Include="Engine\Particle\ParticleEmitter.h" />
    <ClInclude Include="Engine\Particle\ParticleGroup.h" />
    <ClInclude Include="application\Manager\ParticleManager.h" />
    <ClInclude Include="Engine\Particle\ParticleSetUp.h" />
    <ClInclude Include="application\Particle\WindEmitter.h" />
    <ClInclude Include="application\Particle\ExplosionEmitter.h" />
    <ClInclude Include="application\Particle\ConfettiEmitter.h" />
    <ClInclude Include="Engine\Scene\SceneType.h" />
    <ClInclude Include="Engine\Core\FileTypeData.h" />
    <ClInclude Include="application\Game\Stage\Block.h" />
    <ClInclude Include="application\Game\Stage\Goal.h" />
    <ClInclude Include="application\Game\Entity\Player.h" />
  </ItemGroup>
  <ItemGroup>
    <None Include="Resource\Shaders\Particle.hlsli" />
    <None Include="Resource\Shaders\Obj.hlsli" />
    <None Include="Resource\Shaders\Obj3D.hlsli" />
  </ItemGroup>
  <ItemGroup>
    <Text Include="externals\imgui\LICENSE.txt" />
  </ItemGroup>
</Project>