<?xml version="1.0" encoding="utf-8"?>
<Project ToolsVersion="4.0" xmlns="http://schemas.microsoft.com/developer/msbuild/2003">
  <ItemGroup>
    <Filter Include="ソース ファイル">
      <UniqueIdentifier>{4FC737F1-C7A5-4376-A066-2A32D752A2FF}</UniqueIdentifier>
      <Extensions>cpp;c;cc;cxx;c++;cppm;ixx;def;odl;idl;hpj;bat;asm;asmx</Extensions>
    </Filter>
    <Filter Include="ヘッダー ファイル">
      <UniqueIdentifier>{93995380-89BD-4b04-88EB-625FBE52EBFB}</UniqueIdentifier>
      <Extensions>h;hh;hpp;hxx;h++;hm;inl;inc;ipp;xsd</Extensions>
    </Filter>
    <Filter Include="imgui">
      <UniqueIdentifier>{ea48c6a2-8a83-4271-87cc-7575a1d84dcd}</UniqueIdentifier>
    </Filter>
    <Filter Include="ソース ファイル\engine">
      <UniqueIdentifier>{a718f308-2c68-41d4-bdd4-737c58ab64b5}</UniqueIdentifier>
    </Filter>
    <Filter Include="ソース ファイル\application">
      <UniqueIdentifier>{1c048b5a-90f1-4a80-8758-e46860c9289c}</UniqueIdentifier>
    </Filter>
    <Filter Include="ソース ファイル\engine\2d">
      <UniqueIdentifier>{516fb657-ab53-4670-a3c5-42b4505d95cb}</UniqueIdentifier>
    </Filter>
    <Filter Include="ソース ファイル\engine\3d">
      <UniqueIdentifier>{63b1bf25-a42a-4939-b10c-c69ae35d5139}</UniqueIdentifier>
    </Filter>
    <Filter Include="ソース ファイル\engine\base">
      <UniqueIdentifier>{d8bb46ef-7ee6-4917-8aa8-861fe7ae04bb}</UniqueIdentifier>
    </Filter>
    <Filter Include="ソース ファイル\engine\math">
      <UniqueIdentifier>{6414812b-80ec-4751-ba2c-00431413830c}</UniqueIdentifier>
    </Filter>
    <Filter Include="ソース ファイル\engine\io">
      <UniqueIdentifier>{99ac207c-79cd-472a-a3cc-62c82b52c9a3}</UniqueIdentifier>
    </Filter>
    <Filter Include="ソース ファイル\engine\audio">
      <UniqueIdentifier>{3fe1ea33-b1f4-472f-9fd4-85a806312370}</UniqueIdentifier>
    </Filter>
    <Filter Include="ソース ファイル\application\scene">
      <UniqueIdentifier>{ce59cbbb-d679-49aa-8c9b-1e5603269c66}</UniqueIdentifier>
    </Filter>
    <Filter Include="ヘッダー ファイル\engine">
      <UniqueIdentifier>{aadabd8e-f37a-4fcd-9872-d99e75179beb}</UniqueIdentifier>
    </Filter>
    <Filter Include="ヘッダー ファイル\engine\2d">
      <UniqueIdentifier>{d29754dd-d49d-453f-9740-ff237b09007d}</UniqueIdentifier>
    </Filter>
    <Filter Include="ヘッダー ファイル\engine\3d">
      <UniqueIdentifier>{99962954-c521-4ff5-b828-ca3bb3590055}</UniqueIdentifier>
    </Filter>
    <Filter Include="ヘッダー ファイル\engine\base">
      <UniqueIdentifier>{0ee3e937-6227-43fa-889f-b59479c3b5fa}</UniqueIdentifier>
    </Filter>
    <Filter Include="ヘッダー ファイル\engine\math">
      <UniqueIdentifier>{623c21bd-5753-4637-821f-fd41688e7f96}</UniqueIdentifier>
    </Filter>
    <Filter Include="ヘッダー ファイル\engine\io">
      <UniqueIdentifier>{fac7e84b-6348-4596-8efe-6bc9f4883787}</UniqueIdentifier>
    </Filter>
    <Filter Include="ヘッダー ファイル\engine\audio">
      <UniqueIdentifier>{0c096416-6838-4d8a-9347-28b5391b3776}</UniqueIdentifier>
    </Filter>
    <Filter Include="ヘッダー ファイル\application">
      <UniqueIdentifier>{e16e86d4-2105-489a-a9e9-670ba3074f27}</UniqueIdentifier>
    </Filter>
    <Filter Include="ヘッダー ファイル\application\scene">
      <UniqueIdentifier>{ca9b44b1-b5a9-424f-8a39-e0ed8b985aea}</UniqueIdentifier>
    </Filter>
    <Filter Include="ソース ファイル\engine\base\manager">
      <UniqueIdentifier>{b6cdaed0-6175-4410-bd72-e1f3c6ccef5c}</UniqueIdentifier>
    </Filter>
    <Filter Include="ソース ファイル\engine\base\pso">
      <UniqueIdentifier>{c6d046b6-1cfc-4d1f-acc8-8f622e9d6f01}</UniqueIdentifier>
    </Filter>
    <Filter Include="ヘッダー ファイル\engine\base\manager">
      <UniqueIdentifier>{f4b06b5e-d78e-4427-96e2-5cfcfeac0ac2}</UniqueIdentifier>
    </Filter>
    <Filter Include="ヘッダー ファイル\engine\base\pso">
      <UniqueIdentifier>{a483d093-34fa-40cf-92bd-a2c3eff8ef1b}</UniqueIdentifier>
    </Filter>
    <Filter Include="リソース ファイル">
      <UniqueIdentifier>{67DA6AB6-F800-4c08-8B7A-83BB121AAD01}</UniqueIdentifier>
      <Extensions>rc;ico;cur;bmp;dlg;rc2;rct;bin;rgs;gif;jpg;jpeg;jpe;resx;tiff;tif;png;wav;mfcribbon-ms</Extensions>
    </Filter>
    <Filter Include="リソース ファイル\シェーダーファイル">
      <UniqueIdentifier>{0eee0e2e-cddf-4402-8c65-f30c785b8aa8}</UniqueIdentifier>
    </Filter>
  </ItemGroup>
  <ItemGroup>
    <ClCompile Include="main.cpp">
      <Filter>ソース ファイル</Filter>
    </ClCompile>
    <ClCompile Include="externals\imgui\imgui.cpp">
      <Filter>imgui</Filter>
    </ClCompile>
    <ClCompile Include="externals\imgui\imgui_demo.cpp">
      <Filter>imgui</Filter>
    </ClCompile>
    <ClCompile Include="externals\imgui\imgui_draw.cpp">
      <Filter>imgui</Filter>
    </ClCompile>
    <ClCompile Include="externals\imgui\imgui_impl_dx12.cpp">
      <Filter>imgui</Filter>
    </ClCompile>
    <ClCompile Include="externals\imgui\imgui_impl_win32.cpp">
      <Filter>imgui</Filter>
    </ClCompile>
    <ClCompile Include="externals\imgui\imgui_tables.cpp">
      <Filter>imgui</Filter>
    </ClCompile>
    <ClCompile Include="externals\imgui\imgui_widgets.cpp">
      <Filter>imgui</Filter>
    </ClCompile>
    <ClCompile Include="application\Game\Scene\GameScene.cpp">
      <Filter>ソース ファイル\application\scene</Filter>
    </ClCompile>
    <ClCompile Include="Engine\Input\Input.cpp">
      <Filter>ソース ファイル\engine\io</Filter>
    </ClCompile>
    <ClCompile Include="Math\Matrix4x4.cpp">
      <Filter>ソース ファイル\engine\math</Filter>
    </ClCompile>
    <ClCompile Include="application\3d\Model.cpp">
      <Filter>ソース ファイル\engine\3d</Filter>
    </ClCompile>
    <ClCompile Include="Math\Matrix3x3.cpp">
      <Filter>ソース ファイル\engine\math</Filter>
    </ClCompile>
    <ClCompile Include="Math\sMath.cpp">
      <Filter>ソース ファイル\engine\math</Filter>
    </ClCompile>
    <ClCompile Include="application\2d\Sprite.cpp">
      <Filter>ソース ファイル\engine\2d</Filter>
    </ClCompile>
    <ClCompile Include="Math\Vector2.cpp">
      <Filter>ソース ファイル\engine\math</Filter>
    </ClCompile>
    <ClCompile Include="Math\Vector4.cpp">
      <Filter>ソース ファイル\engine\math</Filter>
    </ClCompile>
    <ClCompile Include="Math\Vector3.cpp">
      <Filter>ソース ファイル\engine\math</Filter>
    </ClCompile>
    <ClCompile Include="Engine\Graphics\Pipeline\PipelineStateObjectCommon.cpp">
      <Filter>ソース ファイル\engine\base\pso</Filter>
    </ClCompile>
    <ClCompile Include="Engine\Managers\ModelManager.cpp">
      <Filter>ソース ファイル\engine\base\manager</Filter>
    </ClCompile>
    <ClCompile Include="Engine\Managers\TextureManager.cpp">
      <Filter>ソース ファイル\engine\base\manager</Filter>
    </ClCompile>
    <ClCompile Include="Engine\Core\Mii.cpp">
      <Filter>ソース ファイル\engine\base</Filter>
    </ClCompile>
    <ClCompile Include="Engine\Graphics\Pipeline\BlendState.cpp">
      <Filter>ソース ファイル\engine\base\pso</Filter>
    </ClCompile>
    <ClCompile Include="Engine\Graphics\Pipeline\Compiler.cpp">
      <Filter>ソース ファイル\engine\base\pso</Filter>
    </ClCompile>
    <ClCompile Include="Engine\Graphics\Pipeline\DepthStencil.cpp">
      <Filter>ソース ファイル\engine\base\pso</Filter>
    </ClCompile>
    <ClCompile Include="Engine\Core\DXCommon.cpp">
      <Filter>ソース ファイル\engine\base</Filter>
    </ClCompile>
    <ClCompile Include="Engine\2d\Material2D.cpp">
      <Filter>ソース ファイル\engine\2d</Filter>
    </ClCompile>
    <ClCompile Include="Engine\3d\Material3D.cpp">
      <Filter>ソース ファイル\engine\3d</Filter>
    </ClCompile>
    <ClCompile Include="Engine\Graphics\Pipeline\InputLayout.cpp">
      <Filter>ソース ファイル\engine\base\pso</Filter>
    </ClCompile>
    <ClCompile Include="Engine\2d\IndexBuffer2D.cpp">
      <Filter>ソース ファイル\engine\2d</Filter>
    </ClCompile>
    <ClCompile Include="Engine\3d\IndexBuffer3D.cpp">
      <Filter>ソース ファイル\engine\3d</Filter>
    </ClCompile>
    <ClCompile Include="Engine\3d\Light.cpp">
      <Filter>ソース ファイル\engine\3d</Filter>
    </ClCompile>
    <ClCompile Include="Math\MatrixMath.cpp">
      <Filter>ソース ファイル\engine\math</Filter>
    </ClCompile>
    <ClCompile Include="Engine\Graphics\Pipeline\RasterizerState.cpp">
      <Filter>ソース ファイル\engine\base\pso</Filter>
    </ClCompile>
    <ClCompile Include="Engine\Graphics\Pipeline\RootSignature.cpp">
      <Filter>ソース ファイル\engine\base\pso</Filter>
    </ClCompile>
    <ClCompile Include="Engine\Managers\SRVManager.cpp">
      <Filter>ソース ファイル\engine\base\manager</Filter>
    </ClCompile>
    <ClCompile Include="Engine\2d\Transform2D.cpp">
      <Filter>ソース ファイル\engine\2d</Filter>
    </ClCompile>
    <ClCompile Include="Engine\3d\Transform3D.cpp">
      <Filter>ソース ファイル\engine\3d</Filter>
    </ClCompile>
    <ClCompile Include="Engine\2d\VertexBuffer2D.cpp">
      <Filter>ソース ファイル\engine\2d</Filter>
    </ClCompile>
    <ClCompile Include="Engine\3d\VertexBuffer3D.cpp">
      <Filter>ソース ファイル\engine\3d</Filter>
    </ClCompile>
    <ClCompile Include="Engine\Core\WinApp.cpp">
      <Filter>ソース ファイル\engine\base</Filter>
    </ClCompile>
    <ClCompile Include="Engine\Core\Logger.cpp">
      <Filter>ソース ファイル\engine\base</Filter>
    </ClCompile>
    <ClCompile Include="Engine\Core\StringUtility.cpp">
      <Filter>ソース ファイル\engine\base</Filter>
    </ClCompile>
    <ClCompile Include="application\3d\Camera.cpp">
      <Filter>ソース ファイル</Filter>
    </ClCompile>
    <ClCompile Include="application\Manager\CameraManager.cpp">
      <Filter>ソース ファイル</Filter>
    </ClCompile>
    <ClCompile Include="Engine\Managers\ImGuiManager.cpp">
      <Filter>ソース ファイル</Filter>
    </ClCompile>
    <ClCompile Include="Engine\Managers\PiplineManager.cpp">
      <Filter>ソース ファイル</Filter>
    </ClCompile>
    <ClCompile Include="Engine\2d\SpriteCommon.cpp">
      <Filter>ソース ファイル</Filter>
    </ClCompile>
    <ClCompile Include="Engine\3d\ModelCommon.cpp">
      <Filter>ソース ファイル</Filter>
    </ClCompile>
    <ClCompile Include="Engine\Managers\AudioManager.cpp">
      <Filter>ソース ファイル</Filter>
    </ClCompile>
    <ClCompile Include="application\Game\Scene\MyGame.cpp">
      <Filter>ソース ファイル</Filter>
    </ClCompile>
    <ClCompile Include="Engine\Scene\Framework.cpp">
      <Filter>ソース ファイル</Filter>
    </ClCompile>
    <ClCompile Include="application\Manager\SceneManager.cpp">
      <Filter>ソース ファイル</Filter>
    </ClCompile>
    <ClCompile Include="application\Game\Scene\IScene.cpp">
      <Filter>ソース ファイル</Filter>
    </ClCompile>
    <ClCompile Include="application\Game\Scene\TitleScene.cpp">
      <Filter>ソース ファイル</Filter>
    </ClCompile>
    <ClCompile Include="application\Game\Scene\SelectScene.cpp">
      <Filter>ソース ファイル</Filter>
    </ClCompile>
    <ClCompile Include="application\Game\Scene\ClearScene.cpp">
      <Filter>ソース ファイル</Filter>
    </ClCompile>
    <ClCompile Include="application\Game\Scene\GameOverScene.cpp">
      <Filter>ソース ファイル</Filter>
    </ClCompile>
    <ClCompile Include="Engine\Scene\AbstractSceneFactory.cpp">
      <Filter>ソース ファイル</Filter>
    </ClCompile>
    <ClCompile Include="Engine\Scene\SceneFactory.cpp">
      <Filter>ソース ファイル</Filter>
    </ClCompile>
    <ClCompile Include="application\Game\Scene\DebugScene.cpp">
      <Filter>ソース ファイル</Filter>
    </ClCompile>
    <ClCompile Include="application\Load\AssetLoader.cpp">
      <Filter>ソース ファイル</Filter>
    </ClCompile>
    <ClCompile Include="application\Audio\Audio.cpp">
      <Filter>ソース ファイル</Filter>
    </ClCompile>
    <ClCompile Include="Math\Colliders.cpp">
      <Filter>ソース ファイル</Filter>
    </ClCompile>
    <ClCompile Include="Engine\3d\Camera3D.cpp">
      <Filter>ソース ファイル</Filter>
    </ClCompile>
    <ClCompile Include="application\Particle\ParticleSetUp.cpp">
      <Filter>ソース ファイル</Filter>
    </ClCompile>
    <ClCompile Include="application\Particle\ParticleGroup.cpp">
      <Filter>ソース ファイル</Filter>
    </ClCompile>
    <ClCompile Include="application\Particle\ParticleEmitter.cpp">
      <Filter>ソース ファイル</Filter>
    </ClCompile>
    <ClCompile Include="application\Manager\ParticleManager.cpp">
      <Filter>ソース ファイル</Filter>
    </ClCompile>
  </ItemGroup>
  <ItemGroup>
    <ClInclude Include="externals\imgui\imconfig.h">
      <Filter>imgui</Filter>
    </ClInclude>
    <ClInclude Include="externals\imgui\imgui.h">
      <Filter>imgui</Filter>
    </ClInclude>
    <ClInclude Include="externals\imgui\imgui_impl_dx12.h">
      <Filter>imgui</Filter>
    </ClInclude>
    <ClInclude Include="externals\imgui\imgui_impl_win32.h">
      <Filter>imgui</Filter>
    </ClInclude>
    <ClInclude Include="externals\imgui\imgui_internal.h">
      <Filter>imgui</Filter>
    </ClInclude>
    <ClInclude Include="externals\imgui\imstb_rectpack.h">
      <Filter>imgui</Filter>
    </ClInclude>
    <ClInclude Include="externals\imgui\imstb_textedit.h">
      <Filter>imgui</Filter>
    </ClInclude>
    <ClInclude Include="externals\imgui\imstb_truetype.h">
      <Filter>imgui</Filter>
    </ClInclude>
    <ClInclude Include="application\Game\Scene\GameScene.h">
      <Filter>ヘッダー ファイル\application\scene</Filter>
    </ClInclude>
    <ClInclude Include="Engine\Graphics\Pipeline\BlendState.h">
      <Filter>ヘッダー ファイル\engine\base\pso</Filter>
    </ClInclude>
    <ClInclude Include="Engine\Graphics\Pipeline\Compiler.h">
      <Filter>ヘッダー ファイル\engine\base\pso</Filter>
    </ClInclude>
    <ClInclude Include="Engine\Core\ComPtr.h">
      <Filter>ヘッダー ファイル\engine</Filter>
    </ClInclude>
    <ClInclude Include="Engine\Graphics\Pipeline\DepthStencil.h">
      <Filter>ヘッダー ファイル\engine\base\pso</Filter>
    </ClInclude>
    <ClInclude Include="Engine\Core\DXCommon.h">
      <Filter>ヘッダー ファイル\engine\base</Filter>
    </ClInclude>
    <ClInclude Include="Engine\2d\IndexBuffer2D.h">
      <Filter>ヘッダー ファイル\engine\2d</Filter>
    </ClInclude>
    <ClInclude Include="Engine\3d\IndexBuffer3D.h">
      <Filter>ヘッダー ファイル\engine\3d</Filter>
    </ClInclude>
    <ClInclude Include="Engine\Input\Input.h">
      <Filter>ヘッダー ファイル\engine\io</Filter>
    </ClInclude>
    <ClInclude Include="Engine\Graphics\Pipeline\InputLayout.h">
      <Filter>ヘッダー ファイル\engine\base\pso</Filter>
    </ClInclude>
    <ClInclude Include="Engine\3d\Light.h">
      <Filter>ヘッダー ファイル\engine\3d</Filter>
    </ClInclude>
    <ClInclude Include="Engine\Core\Logger.h">
      <Filter>ヘッダー ファイル\engine\base</Filter>
    </ClInclude>
    <ClInclude Include="Engine\2d\Material2D.h">
      <Filter>ヘッダー ファイル\engine\2d</Filter>
    </ClInclude>
    <ClInclude Include="Engine\3d\Material3D.h">
      <Filter>ヘッダー ファイル\engine\3d</Filter>
    </ClInclude>
    <ClInclude Include="Math\Matrix3x3.h">
      <Filter>ヘッダー ファイル\engine\math</Filter>
    </ClInclude>
    <ClInclude Include="Math\Matrix4x4.h">
      <Filter>ヘッダー ファイル\engine\math</Filter>
    </ClInclude>
    <ClInclude Include="Math\MatrixMath.h">
      <Filter>ヘッダー ファイル\engine\math</Filter>
    </ClInclude>
    <ClInclude Include="application\3d\Model.h">
      <Filter>ヘッダー ファイル\engine\3d</Filter>
    </ClInclude>
    <ClInclude Include="Engine\Managers\ModelManager.h">
      <Filter>ヘッダー ファイル\engine\base\manager</Filter>
    </ClInclude>
    <ClInclude Include="Engine\Graphics\Pipeline\PipelineStateObjectCommon.h">
      <Filter>ヘッダー ファイル\engine\base\pso</Filter>
    </ClInclude>
    <ClInclude Include="Engine\Graphics\Pipeline\PipelineStateObjectType.h">
      <Filter>ヘッダー ファイル\engine\base\pso</Filter>
    </ClInclude>
    <ClInclude Include="Engine\Graphics\Pipeline\RasterizerState.h">
      <Filter>ヘッダー ファイル\engine\base\pso</Filter>
    </ClInclude>
    <ClInclude Include="Engine\Graphics\Pipeline\RootSignature.h">
      <Filter>ヘッダー ファイル\engine\base\pso</Filter>
    </ClInclude>
    <ClInclude Include="Math\sMath.h">
      <Filter>ヘッダー ファイル\engine\math</Filter>
    </ClInclude>
    <ClInclude Include="application\2d\Sprite.h">
      <Filter>ヘッダー ファイル\engine\2d</Filter>
    </ClInclude>
    <ClInclude Include="Engine\Managers\SRVManager.h">
      <Filter>ヘッダー ファイル\engine\base\manager</Filter>
    </ClInclude>
    <ClInclude Include="Engine\Core\StringUtility.h">
      <Filter>ヘッダー ファイル\engine\base</Filter>
    </ClInclude>
    <ClInclude Include="Engine\Core\Mii.h">
      <Filter>ヘッダー ファイル\engine\base</Filter>
    </ClInclude>
    <ClInclude Include="Engine\Managers\TextureManager.h">
      <Filter>ヘッダー ファイル\engine\base\manager</Filter>
    </ClInclude>
    <ClInclude Include="Engine\2d\Transform2D.h">
      <Filter>ヘッダー ファイル\engine\2d</Filter>
    </ClInclude>
    <ClInclude Include="Engine\3d\Transform3D.h">
      <Filter>ヘッダー ファイル\engine\3d</Filter>
    </ClInclude>
    <ClInclude Include="Math\Vector2.h">
      <Filter>ヘッダー ファイル\engine\math</Filter>
    </ClInclude>
    <ClInclude Include="Math\Vector3.h">
      <Filter>ヘッダー ファイル\engine\math</Filter>
    </ClInclude>
    <ClInclude Include="Math\Vector4.h">
      <Filter>ヘッダー ファイル\engine\math</Filter>
    </ClInclude>
    <ClInclude Include="Engine\Core\WinApp.h">
      <Filter>ヘッダー ファイル\engine\base</Filter>
    </ClInclude>
    <ClInclude Include="Engine\2d\VertexBuffer2D.h">
      <Filter>ヘッダー ファイル\engine\2d</Filter>
    </ClInclude>
    <ClInclude Include="Engine\3d\VertexBuffer3D.h">
      <Filter>ヘッダー ファイル\engine\3d</Filter>
    </ClInclude>
    <ClInclude Include="Engine\Core\CData.h">
      <Filter>ヘッダー ファイル</Filter>
    </ClInclude>
    <ClInclude Include="application\3d\Camera.h">
      <Filter>ヘッダー ファイル</Filter>
    </ClInclude>
    <ClInclude Include="application\Manager\CameraManager.h">
      <Filter>ヘッダー ファイル</Filter>
    </ClInclude>
    <ClInclude Include="Engine\Managers\ImGuiManager.h">
      <Filter>ヘッダー ファイル</Filter>
    </ClInclude>
    <ClInclude Include="Engine\Managers\PiplineManager.h">
      <Filter>ヘッダー ファイル</Filter>
    </ClInclude>
    <ClInclude Include="Engine\2d\SpriteCommon.h">
      <Filter>ヘッダー ファイル</Filter>
    </ClInclude>
    <ClInclude Include="Engine\3d\ModelCommon.h">
      <Filter>ヘッダー ファイル</Filter>
    </ClInclude>
    <ClInclude Include="Engine\Managers\AudioManager.h">
      <Filter>ヘッダー ファイル</Filter>
    </ClInclude>
    <ClInclude Include="application\Game\Scene\MyGame.h">
      <Filter>ヘッダー ファイル</Filter>
    </ClInclude>
    <ClInclude Include="Engine\Scene\Framework.h">
      <Filter>ヘッダー ファイル</Filter>
    </ClInclude>
    <ClInclude Include="application\Manager\SceneManager.h">
      <Filter>ヘッダー ファイル</Filter>
    </ClInclude>
    <ClInclude Include="application\Game\Scene\IScene.h">
      <Filter>ヘッダー ファイル</Filter>
    </ClInclude>
    <ClInclude Include="application\Game\Scene\TitleScene.h">
      <Filter>ヘッダー ファイル</Filter>
    </ClInclude>
    <ClInclude Include="application\Game\Scene\SelectScene.h">
      <Filter>ヘッダー ファイル</Filter>
    </ClInclude>
    <ClInclude Include="application\Game\Scene\ClearScene.h">
      <Filter>ヘッダー ファイル</Filter>
    </ClInclude>
    <ClInclude Include="application\Game\Scene\GameOverScene.h">
      <Filter>ヘッダー ファイル</Filter>
    </ClInclude>
    <ClInclude Include="Engine\Scene\AbstractSceneFactory.h">
      <Filter>ヘッダー ファイル</Filter>
    </ClInclude>
    <ClInclude Include="Engine\Scene\SceneFactory.h">
      <Filter>ヘッダー ファイル</Filter>
    </ClInclude>
    <ClInclude Include="application\Game\Scene\DebugScene.h">
      <Filter>ヘッダー ファイル</Filter>
    </ClInclude>
    <ClInclude Include="application\Load\AssetLoader.h">
      <Filter>ヘッダー ファイル</Filter>
    </ClInclude>
    <ClInclude Include="application\Audio\Audio.h">
      <Filter>ヘッダー ファイル</Filter>
    </ClInclude>
    <ClInclude Include="Math\Colliders.h">
      <Filter>ヘッダー ファイル</Filter>
    </ClInclude>
    <ClInclude Include="Engine\3d\Camera3D.h">
      <Filter>ヘッダー ファイル</Filter>
    </ClInclude>
    <ClInclude Include="application\Particle\ParticleSetUp.h">
      <Filter>ヘッダー ファイル</Filter>
    </ClInclude>
    <ClInclude Include="application\Particle\ParticleGroup.h">
      <Filter>ヘッダー ファイル</Filter>
    </ClInclude>
    <ClInclude Include="application\Particle\ParticleEmitter.h">
      <Filter>ヘッダー ファイル</Filter>
    </ClInclude>
    <ClInclude Include="application\Manager\ParticleManager.h">
      <Filter>ヘッダー ファイル</Filter>
    </ClInclude>
  </ItemGroup>
  <ItemGroup>
    <Text Include="externals\imgui\LICENSE.txt">
      <Filter>imgui</Filter>
    </Text>
  </ItemGroup>
  <ItemGroup>
    <FxCompile Include="Resource\Shaders\Obj.PS.hlsl">
      <Filter>リソース ファイル\シェーダーファイル</Filter>
    </FxCompile>
    <FxCompile Include="Resource\Shaders\Obj.VS.hlsl">
      <Filter>リソース ファイル\シェーダーファイル</Filter>
    </FxCompile>
    <FxCompile Include="Resource\Shaders\Obj2D.PS.hlsl">
      <Filter>リソース ファイル\シェーダーファイル</Filter>
    </FxCompile>
    <FxCompile Include="Resource\Shaders\Obj2D.VS.hlsl">
      <Filter>リソース ファイル\シェーダーファイル</Filter>
    </FxCompile>
    <FxCompile Include="Resource\Shaders\Obj3D.PS.hlsl">
      <Filter>リソース ファイル\シェーダーファイル</Filter>
    </FxCompile>
    <FxCompile Include="Resource\Shaders\Obj3D.VS.hlsl">
      <Filter>リソース ファイル\シェーダーファイル</Filter>
    </FxCompile>
    <FxCompile Include="Resource\Shaders\Particle.VS.hlsl" />
    <FxCompile Include="Resource\Shaders\Particle.PS.hlsl" />
  </ItemGroup>
  <ItemGroup>
    <None Include="Resource\Shaders\Obj.hlsli">
      <Filter>リソース ファイル\シェーダーファイル</Filter>
    </None>
    <None Include="Resource\Shaders\Obj3D.hlsli">
      <Filter>リソース ファイル\シェーダーファイル</Filter>
    </None>
    <None Include="Resource\Shaders\Particle.hlsli" />
  </ItemGroup>
</Project>